
Microsoft Visual Studio Solution File, Format Version 12.00
# Visual Studio Version 16
VisualStudioVersion = 16.0.29123.88
MinimumVisualStudioVersion = 10.0.40219.1
Project("{8BC9CEB8-8B4A-11D0-8D11-00A0C91BC942}") = "MandelbrotFractal", "MandelbrotFractal\MandelbrotFractal.vcxproj", "{C4BAECF1-4CC2-4521-810D-9C2639C8CC4C}"
EndProject
Global
	GlobalSection(SolutionConfigurationPlatforms) = preSolution
		Debug|x64 = Debug|x64
		Release|x64 = Release|x64
	EndGlobalSection
	GlobalSection(ProjectConfigurationPlatforms) = postSolution
		{C4BAECF1-4CC2-4521-810D-9C2639C8CC4C}.Debug|x64.ActiveCfg = Debug|x64
		{C4BAECF1-4CC2-4521-810D-9C2639C8CC4C}.Debug|x64.Build.0 = Debug|x64
		{C4BAECF1-4CC2-4521-810D-9C2639C8CC4C}.Release|x64.ActiveCfg = Release|x64
		{C4BAECF1-4CC2-4521-810D-9C2639C8CC4C}.Release|x64.Build.0 = Release|x64
	EndGlobalSection
	GlobalSection(SolutionProperties) = preSolution
		HideSolutionNode = FALSE
	EndGlobalSection
	GlobalSection(ExtensibilityGlobals) = postSolution
		SolutionGuid = {29824545-1B3F-4DF4-A5D3-5B86F3E40EF9}
	EndGlobalSection
EndGlobal
